# This file is generated by running "yarn install" inside your project.
# Manual changes might be lost - proceed with caution!

__metadata:
  version: 6
  cacheKey: 8

"@babel/runtime@npm:^7.12.5":
  version: 7.20.1
  resolution: "@babel/runtime@npm:7.20.1"
  dependencies:
    regenerator-runtime: ^0.13.10
  checksum: 00567a333d3357925742a6f5e39394dcc0af6e6029103fe188158bf7ae8b0b3ee3c6c0f68fccc217f0a6cfa455f6be252298baf56b3f5ff37b34313b170cd9f6
  languageName: node
  linkType: hard

"@rescript/react@npm:^0.10.3":
  version: 0.10.3
  resolution: "@rescript/react@npm:0.10.3"
  peerDependencies:
    react: ">=16.8.1"
    react-dom: ">=16.8.1"
  checksum: 8561282f78b87c73c864b21d7f94f23545b6e7488167370aab2effa9268bab14f78b948dd0de4b84580467eff7c55c7dd1d080726ec63cb5b2dde030d37a1fbf
  languageName: node
  linkType: hard

"react-error-boundary@npm:^3.1.4":
  version: 3.1.4
  resolution: "react-error-boundary@npm:3.1.4"
  dependencies:
    "@babel/runtime": ^7.12.5
  peerDependencies:
    react: ">=16.13.1"
  checksum: f36270a5d775a25c8920f854c0d91649ceea417b15b5bc51e270a959b0476647bb79abb4da3be7dd9a4597b029214e8fe43ea914a7f16fa7543c91f784977f1b
  languageName: node
  linkType: hard

"regenerator-runtime@npm:^0.13.10":
  version: 0.13.10
  resolution: "regenerator-runtime@npm:0.13.10"
  checksum: 09893f5a9e82932642d9a999716b6c626dc53ef2a01307c952ebbf8e011802360163a37c304c18a6c358548be5a72b448e37209954a18696f21e438c81cbb4b9
  languageName: node
  linkType: hard

"rescript-react-error-boundary@workspace:.":
  version: 0.0.0-use.local
  resolution: "rescript-react-error-boundary@workspace:."
  dependencies:
    "@rescript/react": ^0.10.3
    react-error-boundary: ^3.1.4
    rescript: ^10.0.1
  languageName: unknown
  linkType: soft

"rescript@npm:^10.0.1":
  version: 10.0.1
  resolution: "rescript@npm:10.0.1"
  bin:
    bsc: bsc
    bsrefmt: bsrefmt
    bstracing: lib/bstracing
    rescript: rescript
  checksum: 59ae153c7f6c8ab7130becffc0ae6bcf0cfb21517ff6587548d74ed68fcd5f4e48f14e5de823f71edbc4d0f65b629c132d2a553467bd7c8c2f31ed9d5fb2881c
  languageName: node
  linkType: hard
